<?xml version="1.0" encoding="utf-8"?>
<Project ToolsVersion="4.0" xmlns="http://schemas.microsoft.com/developer/msbuild/2003">
  <ItemGroup>
    <ClCompile Include="Game.cpp" />
    <ClCompile Include="GameObject.cpp" />
    <ClCompile Include="Level.cpp" />
    <ClCompile Include="main.cpp" />
    <ClCompile Include="Scoreboard.cpp" />
    <ClCompile Include="Enemies.cpp" />
    <ClCompile Include="Ship.cpp" />
    <ClCompile Include="Asteroid.cpp" />
    <ClCompile Include="UFO.cpp" />
    <ClCompile Include="Bullet.cpp" />

  </ItemGroup>
  <ItemGroup>
    <ClInclude Include="Game.h" />
    <ClInclude Include="GameObject.h" />
    <ClInclude Include="Scoreboard.h" />
    <ClInclude Include="Level.h" />
    <ClInclude Include="Enemies.h" />
    <ClInclude Include="Ship.h" />
    <ClInclude Include="Asteroid.h" />
    <ClInclude Include="UFO.h" />
    <ClInclude Include="Bullet.h" />

  </ItemGroup>
  <ItemGroup>
    <Text Include="ReadMe.txt" />
    <ClInclude Include="Game.h">
      <Filter>Header Files</Filter>
    </ClInclude>
    <ClInclude Include="GameObject.h">
      <Filter>Header Files</Filter>
    </ClInclude>
    <ClInclude Include="Circle.h">
      <Filter>Header Files</Filter>
    </ClInclude>
  </ItemGroup>
  <ItemGroup>
    <Text Include="ReadMe.txt">
      <Filter>Resource Files</Filter>
    </Text>
  </ItemGroup>
</Project>